
Microsoft Visual Studio Solution File, Format Version 12.00
# Visual Studio Version 17
VisualStudioVersion = 17.13.35913.81 d17.13
MinimumVisualStudioVersion = 10.0.40219.1
Project("{FAE04EC0-301F-11D3-BF4B-00C04F79EFBC}") = "BlackJack Stacks", "BlackJack Stacks\BlackJack Stacks.csproj", "{6A96739A-AC14-4038-BB1C-AC8921223B74}"
EndProject
Global
	GlobalSection(SolutionConfigurationPlatforms) = preSolution
		Debug|Any CPU = Debug|Any CPU
		Release|Any CPU = Release|Any CPU
	EndGlobalSection
	GlobalSection(ProjectConfigurationPlatforms) = postSolution
		{6A96739A-AC14-4038-BB1C-AC8921223B74}.Debug|Any CPU.ActiveCfg = Debug|Any CPU
		{6A96739A-AC14-4038-BB1C-AC8921223B74}.Debug|Any CPU.Build.0 = Debug|Any CPU
		{6A96739A-AC14-4038-BB1C-AC8921223B74}.Release|Any CPU.ActiveCfg = Release|Any CPU
		{6A96739A-AC14-4038-BB1C-AC8921223B74}.Release|Any CPU.Build.0 = Release|Any CPU
	EndGlobalSection
	GlobalSection(SolutionProperties) = preSolution
		HideSolutionNode = FALSE
	EndGlobalSection
	GlobalSection(ExtensibilityGlobals) = postSolution
		SolutionGuid = {9966DA29-F4EF-473F-828D-36E5A7C913DB}
	EndGlobalSection
EndGlobal
